// !$*UTF8*$!
{
	archiveVersion = 1;
	classes = {
	};
	objectVersion = 56;
	objects = {

/* Begin PBXBuildFile section */
		52352D152BB09D15009E9F93 /* AIChatBotApp.swift in Sources */ = {isa = PBXBuildFile; fileRef = 52352D142BB09D15009E9F93 /* AIChatBotApp.swift */; };
		52352D172BB09D15009E9F93 /* ChatScreen.swift in Sources */ = {isa = PBXBuildFile; fileRef = 52352D162BB09D15009E9F93 /* ChatScreen.swift */; };
		52352D192BB09D18009E9F93 /* Assets.xcassets in Resources */ = {isa = PBXBuildFile; fileRef = 52352D182BB09D18009E9F93 /* Assets.xcassets */; };
		52352D1C2BB09D18009E9F93 /* Preview Assets.xcassets in Resources */ = {isa = PBXBuildFile; fileRef = 52352D1B2BB09D18009E9F93 /* Preview Assets.xcassets */; };
		52352D1E2BB09D18009E9F93 /* Persistence.swift in Sources */ = {isa = PBXBuildFile; fileRef = 52352D1D2BB09D18009E9F93 /* Persistence.swift */; };
		52352D212BB09D18009E9F93 /* AIChatBot.xcdatamodeld in Sources */ = {isa = PBXBuildFile; fileRef = 52352D1F2BB09D18009E9F93 /* AIChatBot.xcdatamodeld */; };
		52352D2D2BB0B30D009E9F93 /* ChatMessage.swift in Sources */ = {isa = PBXBuildFile; fileRef = 52352D2C2BB0B30D009E9F93 /* ChatMessage.swift */; };
		52352D2F2BB0B3B0009E9F93 /* ChatScreenViewModel.swift in Sources */ = {isa = PBXBuildFile; fileRef = 52352D2E2BB0B3B0009E9F93 /* ChatScreenViewModel.swift */; };
		52352D332BB2A2FE009E9F93 /* UserDetails.swift in Sources */ = {isa = PBXBuildFile; fileRef = 52352D322BB2A2FE009E9F93 /* UserDetails.swift */; };
		5283010E2BB699D800776ABE /* Constants.swift in Sources */ = {isa = PBXBuildFile; fileRef = 5283010D2BB699D800776ABE /* Constants.swift */; };
		52EB92C52BB2D0DB00A553A9 /* WelcomeScreen.swift in Sources */ = {isa = PBXBuildFile; fileRef = 52EB92C42BB2D0DB00A553A9 /* WelcomeScreen.swift */; };
/* End PBXBuildFile section */

/* Begin PBXFileReference section */
		52352D112BB09D15009E9F93 /* AIChatBot.app */ = {isa = PBXFileReference; explicitFileType = wrapper.application; includeInIndex = 0; path = AIChatBot.app; sourceTree = BUILT_PRODUCTS_DIR; };
		52352D142BB09D15009E9F93 /* AIChatBotApp.swift */ = {isa = PBXFileReference; lastKnownFileType = sourcecode.swift; path = AIChatBotApp.swift; sourceTree = "<group>"; };
		52352D162BB09D15009E9F93 /* ChatScreen.swift */ = {isa = PBXFileReference; lastKnownFileType = sourcecode.swift; path = ChatScreen.swift; sourceTree = "<group>"; };
		52352D182BB09D18009E9F93 /* Assets.xcassets */ = {isa = PBXFileReference; lastKnownFileType = folder.assetcatalog; path = Assets.xcassets; sourceTree = "<group>"; };
		52352D1B2BB09D18009E9F93 /* Preview Assets.xcassets */ = {isa = PBXFileReference; lastKnownFileType = folder.assetcatalog; path = "Preview Assets.xcassets"; sourceTree = "<group>"; };
		52352D1D2BB09D18009E9F93 /* Persistence.swift */ = {isa = PBXFileReference; lastKnownFileType = sourcecode.swift; path = Persistence.swift; sourceTree = "<group>"; };
		52352D202BB09D18009E9F93 /* AIChatBot.xcdatamodel */ = {isa = PBXFileReference; lastKnownFileType = wrapper.xcdatamodel; path = AIChatBot.xcdatamodel; sourceTree = "<group>"; };
		52352D2C2BB0B30D009E9F93 /* ChatMessage.swift */ = {isa = PBXFileReference; lastKnownFileType = sourcecode.swift; path = ChatMessage.swift; sourceTree = "<group>"; };
		52352D2E2BB0B3B0009E9F93 /* ChatScreenViewModel.swift */ = {isa = PBXFileReference; lastKnownFileType = sourcecode.swift; path = ChatScreenViewModel.swift; sourceTree = "<group>"; };
		52352D322BB2A2FE009E9F93 /* UserDetails.swift */ = {isa = PBXFileReference; lastKnownFileType = sourcecode.swift; path = UserDetails.swift; sourceTree = "<group>"; };
		5283010D2BB699D800776ABE /* Constants.swift */ = {isa = PBXFileReference; lastKnownFileType = sourcecode.swift; path = Constants.swift; sourceTree = "<group>"; };
		52EB92C42BB2D0DB00A553A9 /* WelcomeScreen.swift */ = {isa = PBXFileReference; lastKnownFileType = sourcecode.swift; path = WelcomeScreen.swift; sourceTree = "<group>"; };
/* End PBXFileReference section */

/* Begin PBXFrameworksBuildPhase section */
		52352D0E2BB09D15009E9F93 /* Frameworks */ = {
			isa = PBXFrameworksBuildPhase;
			buildActionMask = 2147483647;
			files = (
			);
			runOnlyForDeploymentPostprocessing = 0;
		};
/* End PBXFrameworksBuildPhase section */

/* Begin PBXGroup section */
		52352D082BB09D15009E9F93 = {
			isa = PBXGroup;
			children = (
				52352D132BB09D15009E9F93 /* AIChatBot */,
				52352D122BB09D15009E9F93 /* Products */,
			);
			sourceTree = "<group>";
		};
		52352D122BB09D15009E9F93 /* Products */ = {
			isa = PBXGroup;
			children = (
				52352D112BB09D15009E9F93 /* AIChatBot.app */,
			);
			name = Products;
			sourceTree = "<group>";
		};
		52352D132BB09D15009E9F93 /* AIChatBot */ = {
			isa = PBXGroup;
			children = (
				52352D142BB09D15009E9F93 /* AIChatBotApp.swift */,
				5283010D2BB699D800776ABE /* Constants.swift */,
				5283010F2BB69FC800776ABE /* ChatBot */,
				52352D182BB09D18009E9F93 /* Assets.xcassets */,
				52352D1D2BB09D18009E9F93 /* Persistence.swift */,
				52352D1F2BB09D18009E9F93 /* AIChatBot.xcdatamodeld */,
				52352D1A2BB09D18009E9F93 /* Preview Content */,
			);
			path = AIChatBot;
			sourceTree = "<group>";
		};
		52352D1A2BB09D18009E9F93 /* Preview Content */ = {
			isa = PBXGroup;
			children = (
				52352D1B2BB09D18009E9F93 /* Preview Assets.xcassets */,
			);
			path = "Preview Content";
			sourceTree = "<group>";
		};
		5283010F2BB69FC800776ABE /* ChatBot */ = {
			isa = PBXGroup;
			children = (
				52FA69A52BB543280079D271 /* Model */,
				52FA69A42BB543210079D271 /* View */,
				52FA69A62BB5432E0079D271 /* ViewModel */,
			);
			path = ChatBot;
			sourceTree = "<group>";
		};
		52FA69A42BB543210079D271 /* View */ = {
			isa = PBXGroup;
			children = (
				52EB92C42BB2D0DB00A553A9 /* WelcomeScreen.swift */,
				52352D162BB09D15009E9F93 /* ChatScreen.swift */,
			);
			path = View;
			sourceTree = "<group>";
		};
		52FA69A52BB543280079D271 /* Model */ = {
			isa = PBXGroup;
			children = (
				52352D322BB2A2FE009E9F93 /* UserDetails.swift */,
				52352D2C2BB0B30D009E9F93 /* ChatMessage.swift */,
			);
			path = Model;
			sourceTree = "<group>";
		};
		52FA69A62BB5432E0079D271 /* ViewModel */ = {
			isa = PBXGroup;
			children = (
				52352D2E2BB0B3B0009E9F93 /* ChatScreenViewModel.swift */,
			);
			path = ViewModel;
			sourceTree = "<group>";
		};
/* End PBXGroup section */

/* Begin PBXNativeTarget section */
		52352D102BB09D15009E9F93 /* AIChatBot */ = {
			isa = PBXNativeTarget;
			buildConfigurationList = 52352D242BB09D18009E9F93 /* Build configuration list for PBXNativeTarget "AIChatBot" */;
			buildPhases = (
				52352D0D2BB09D15009E9F93 /* Sources */,
				52352D0E2BB09D15009E9F93 /* Frameworks */,
				52352D0F2BB09D15009E9F93 /* Resources */,
			);
			buildRules = (
			);
			dependencies = (
			);
			name = AIChatBot;
			packageProductDependencies = (
			);
			productName = AIChatBot;
			productReference = 52352D112BB09D15009E9F93 /* AIChatBot.app */;
			productType = "com.apple.product-type.application";
		};
/* End PBXNativeTarget section */

/* Begin PBXProject section */
		52352D092BB09D15009E9F93 /* Project object */ = {
			isa = PBXProject;
			attributes = {
				BuildIndependentTargetsInParallel = 1;
				LastSwiftUpdateCheck = 1520;
				LastUpgradeCheck = 1520;
				TargetAttributes = {
					52352D102BB09D15009E9F93 = {
						CreatedOnToolsVersion = 15.2;
					};
				};
			};
			buildConfigurationList = 52352D0C2BB09D15009E9F93 /* Build configuration list for PBXProject "AIChatBot" */;
			compatibilityVersion = "Xcode 14.0";
			developmentRegion = en;
			hasScannedForEncodings = 0;
			knownRegions = (
				en,
				Base,
			);
			mainGroup = 52352D082BB09D15009E9F93;
			packageReferences = (
			);
			productRefGroup = 52352D122BB09D15009E9F93 /* Products */;
			projectDirPath = "";
			projectRoot = "";
			targets = (
				52352D102BB09D15009E9F93 /* AIChatBot */,
			);
		};
/* End PBXProject section */

/* Begin PBXResourcesBuildPhase section */
		52352D0F2BB09D15009E9F93 /* Resources */ = {
			isa = PBXResourcesBuildPhase;
			buildActionMask = 2147483647;
			files = (
				52352D1C2BB09D18009E9F93 /* Preview Assets.xcassets in Resources */,
				52352D192BB09D18009E9F93 /* Assets.xcassets in Resources */,
			);
			runOnlyForDeploymentPostprocessing = 0;
		};
/* End PBXResourcesBuildPhase section */

/* Begin PBXSourcesBuildPhase section */
		52352D0D2BB09D15009E9F93 /* Sources */ = {
			isa = PBXSourcesBuildPhase;
			buildActionMask = 2147483647;
			files = (
				52352D1E2BB09D18009E9F93 /* Persistence.swift in Sources */,
				52352D212BB09D18009E9F93 /* AIChatBot.xcdatamodeld in Sources */,
				52352D332BB2A2FE009E9F93 /* UserDetails.swift in Sources */,
				52EB92C52BB2D0DB00A553A9 /* WelcomeScreen.swift in Sources */,
				5283010E2BB699D800776ABE /* Constants.swift in Sources */,
				52352D2F2BB0B3B0009E9F93 /* ChatScreenViewModel.swift in Sources */,
				52352D2D2BB0B30D009E9F93 /* ChatMessage.swift in Sources */,
				52352D172BB09D15009E9F93 /* ChatScreen.swift in Sources */,
				52352D152BB09D15009E9F93 /* AIChatBotApp.swift in Sources */,
			);
			runOnlyForDeploymentPostprocessing = 0;
		};
/* End PBXSourcesBuildPhase section */

/* Begin XCBuildConfiguration section */
		52352D222BB09D18009E9F93 /* Debug */ = {
			isa = XCBuildConfiguration;
			buildSettings = {
				ALWAYS_SEARCH_USER_PATHS = NO;
				ASSETCATALOG_COMPILER_GENERATE_SWIFT_ASSET_SYMBOL_EXTENSIONS = YES;
				CLANG_ANALYZER_NONNULL = YES;
				CLANG_ANALYZER_NUMBER_OBJECT_CONVERSION = YES_AGGRESSIVE;
				CLANG_CXX_LANGUAGE_STANDARD = "gnu++20";
				CLANG_ENABLE_MODULES = YES;
				CLANG_ENABLE_OBJC_ARC = YES;
				CLANG_ENABLE_OBJC_WEAK = YES;
				CLANG_WARN_BLOCK_CAPTURE_AUTORELEASING = YES;
				CLANG_WARN_BOOL_CONVERSION = YES;
				CLANG_WARN_COMMA = YES;
				CLANG_WARN_CONSTANT_CONVERSION = YES;
				CLANG_WARN_DEPRECATED_OBJC_IMPLEMENTATIONS = YES;
				CLANG_WARN_DIRECT_OBJC_ISA_USAGE = YES_ERROR;
				CLANG_WARN_DOCUMENTATION_COMMENTS = YES;
				CLANG_WARN_EMPTY_BODY = YES;
				CLANG_WARN_ENUM_CONVERSION = YES;
				CLANG_WARN_INFINITE_RECURSION = YES;
				CLANG_WARN_INT_CONVERSION = YES;
				CLANG_WARN_NON_LITERAL_NULL_CONVERSION = YES;
				CLANG_WARN_OBJC_IMPLICIT_RETAIN_SELF = YES;
				CLANG_WARN_OBJC_LITERAL_CONVERSION = YES;
				CLANG_WARN_OBJC_ROOT_CLASS = YES_ERROR;
				CLANG_WARN_QUOTED_INCLUDE_IN_FRAMEWORK_HEADER = YES;
				CLANG_WARN_RANGE_LOOP_ANALYSIS = YES;
				CLANG_WARN_STRICT_PROTOTYPES = YES;
				CLANG_WARN_SUSPICIOUS_MOVE = YES;
				CLANG_WARN_UNGUARDED_AVAILABILITY = YES_AGGRESSIVE;
				CLANG_WARN_UNREACHABLE_CODE = YES;
				CLANG_WARN__DUPLICATE_METHOD_MATCH = YES;
				COPY_PHASE_STRIP = NO;
				DEBUG_INFORMATION_FORMAT = dwarf;
				ENABLE_STRICT_OBJC_MSGSEND = YES;
				ENABLE_TESTABILITY = YES;
				ENABLE_USER_SCRIPT_SANDBOXING = YES;
				GCC_C_LANGUAGE_STANDARD = gnu17;
				GCC_DYNAMIC_NO_PIC = NO;
				GCC_NO_COMMON_BLOCKS = YES;
				GCC_OPTIMIZATION_LEVEL = 0;
				GCC_PREPROCESSOR_DEFINITIONS = (
					"DEBUG=1",
					"$(inherited)",
				);
				GCC_WARN_64_TO_32_BIT_CONVERSION = YES;
				GCC_WARN_ABOUT_RETURN_TYPE = YES_ERROR;
				GCC_WARN_UNDECLARED_SELECTOR = YES;
				GCC_WARN_UNINITIALIZED_AUTOS = YES_AGGRESSIVE;
				GCC_WARN_UNUSED_FUNCTION = YES;
				GCC_WARN_UNUSED_VARIABLE = YES;
				IPHONEOS_DEPLOYMENT_TARGET = 17.2;
				LOCALIZATION_PREFERS_STRING_CATALOGS = YES;
				MTL_ENABLE_DEBUG_INFO = INCLUDE_SOURCE;
				MTL_FAST_MATH = YES;
				ONLY_ACTIVE_ARCH = YES;
				SDKROOT = iphoneos;
				SWIFT_ACTIVE_COMPILATION_CONDITIONS = "DEBUG $(inherited)";
				SWIFT_OPTIMIZATION_LEVEL = "-Onone";
			};
			name = Debug;
		};
		52352D232BB09D18009E9F93 /* Release */ = {
			isa = XCBuildConfiguration;
			buildSettings = {
				ALWAYS_SEARCH_USER_PATHS = NO;
				ASSETCATALOG_COMPILER_GENERATE_SWIFT_ASSET_SYMBOL_EXTENSIONS = YES;
				CLANG_ANALYZER_NONNULL = YES;
				CLANG_ANALYZER_NUMBER_OBJECT_CONVERSION = YES_AGGRESSIVE;
				CLANG_CXX_LANGUAGE_STANDARD = "gnu++20";
				CLANG_ENABLE_MODULES = YES;
				CLANG_ENABLE_OBJC_ARC = YES;
				CLANG_ENABLE_OBJC_WEAK = YES;
				CLANG_WARN_BLOCK_CAPTURE_AUTORELEASING = YES;
				CLANG_WARN_BOOL_CONVERSION = YES;
				CLANG_WARN_COMMA = YES;
				CLANG_WARN_CONSTANT_CONVERSION = YES;
				CLANG_WARN_DEPRECATED_OBJC_IMPLEMENTATIONS = YES;
				CLANG_WARN_DIRECT_OBJC_ISA_USAGE = YES_ERROR;
				CLANG_WARN_DOCUMENTATION_COMMENTS = YES;
				CLANG_WARN_EMPTY_BODY = YES;
				CLANG_WARN_ENUM_CONVERSION = YES;
				CLANG_WARN_INFINITE_RECURSION = YES;
				CLANG_WARN_INT_CONVERSION = YES;
				CLANG_WARN_NON_LITERAL_NULL_CONVERSION = YES;
				CLANG_WARN_OBJC_IMPLICIT_RETAIN_SELF = YES;
				CLANG_WARN_OBJC_LITERAL_CONVERSION = YES;
				CLANG_WARN_OBJC_ROOT_CLASS = YES_ERROR;
				CLANG_WARN_QUOTED_INCLUDE_IN_FRAMEWORK_HEADER = YES;
				CLANG_WARN_RANGE_LOOP_ANALYSIS = YES;
				CLANG_WARN_STRICT_PROTOTYPES = YES;
				CLANG_WARN_SUSPICIOUS_MOVE = YES;
				CLANG_WARN_UNGUARDED_AVAILABILITY = YES_AGGRESSIVE;
				CLANG_WARN_UNREACHABLE_CODE = YES;
				CLANG_WARN__DUPLICATE_METHOD_MATCH = YES;
				COPY_PHASE_STRIP = NO;
				DEBUG_INFORMATION_FORMAT = "dwarf-with-dsym";
				ENABLE_NS_ASSERTIONS = NO;
				ENABLE_STRICT_OBJC_MSGSEND = YES;
				ENABLE_USER_SCRIPT_SANDBOXING = YES;
				GCC_C_LANGUAGE_STANDARD = gnu17;
				GCC_NO_COMMON_BLOCKS = YES;
				GCC_WARN_64_TO_32_BIT_CONVERSION = YES;
				GCC_WARN_ABOUT_RETURN_TYPE = YES_ERROR;
				GCC_WARN_UNDECLARED_SELECTOR = YES;
				GCC_WARN_UNINITIALIZED_AUTOS = YES_AGGRESSIVE;
				GCC_WARN_UNUSED_FUNCTION = YES;
				GCC_WARN_UNUSED_VARIABLE = YES;
				IPHONEOS_DEPLOYMENT_TARGET = 17.2;
				LOCALIZATION_PREFERS_STRING_CATALOGS = YES;
				MTL_ENABLE_DEBUG_INFO = NO;
				MTL_FAST_MATH = YES;
				SDKROOT = iphoneos;
				SWIFT_COMPILATION_MODE = wholemodule;
				VALIDATE_PRODUCT = YES;
			};
			name = Release;
		};
		52352D252BB09D18009E9F93 /* Debug */ = {
			isa = XCBuildConfiguration;
			buildSettings = {
				ASSETCATALOG_COMPILER_APPICON_NAME = AppIcon;
				ASSETCATALOG_COMPILER_GLOBAL_ACCENT_COLOR_NAME = AccentColor;
				CODE_SIGN_STYLE = Automatic;
				CURRENT_PROJECT_VERSION = 1;
				DEVELOPMENT_ASSET_PATHS = "\"AIChatBot/Preview Content\"";
				DEVELOPMENT_TEAM = HMQD5348Y6;
				ENABLE_PREVIEWS = YES;
				GENERATE_INFOPLIST_FILE = YES;
				INFOPLIST_KEY_UIApplicationSceneManifest_Generation = YES;
				INFOPLIST_KEY_UIApplicationSupportsIndirectInputEvents = YES;
				INFOPLIST_KEY_UILaunchScreen_Generation = YES;
				INFOPLIST_KEY_UIStatusBarStyle = "";
				INFOPLIST_KEY_UISupportedInterfaceOrientations_iPad = "UIInterfaceOrientationPortrait UIInterfaceOrientationPortraitUpsideDown UIInterfaceOrientationLandscapeLeft UIInterfaceOrientationLandscapeRight";
				INFOPLIST_KEY_UISupportedInterfaceOrientations_iPhone = "UIInterfaceOrientationPortrait UIInterfaceOrientationLandscapeLeft UIInterfaceOrientationLandscapeRight";
				IPHONEOS_DEPLOYMENT_TARGET = 17.0;
				LD_RUNPATH_SEARCH_PATHS = (
					"$(inherited)",
					"@executable_path/Frameworks",
				);
				MARKETING_VERSION = 1.0;
				PRODUCT_BUNDLE_IDENTIFIER = com.celestial.AIChatBot;
				PRODUCT_NAME = "$(TARGET_NAME)";
				SWIFT_EMIT_LOC_STRINGS = YES;
				SWIFT_VERSION = 5.0;
				TARGETED_DEVICE_FAMILY = "1,2";
			};
			name = Debug;
		};
		52352D262BB09D18009E9F93 /* Release */ = {
			isa = XCBuildConfiguration;
			buildSettings = {
				ASSETCATALOG_COMPILER_APPICON_NAME = AppIcon;
				ASSETCATALOG_COMPILER_GLOBAL_ACCENT_COLOR_NAME = AccentColor;
				CODE_SIGN_STYLE = Automatic;
				CURRENT_PROJECT_VERSION = 1;
				DEVELOPMENT_ASSET_PATHS = "\"AIChatBot/Preview Content\"";
				DEVELOPMENT_TEAM = HMQD5348Y6;
				ENABLE_PREVIEWS = YES;
				GENERATE_INFOPLIST_FILE = YES;
				INFOPLIST_KEY_UIApplicationSceneManifest_Generation = YES;
				INFOPLIST_KEY_UIApplicationSupportsIndirectInputEvents = YES;
				INFOPLIST_KEY_UILaunchScreen_Generation = YES;
				INFOPLIST_KEY_UIStatusBarStyle = "";
				INFOPLIST_KEY_UISupportedInterfaceOrientations_iPad = "UIInterfaceOrientationPortrait UIInterfaceOrientationPortraitUpsideDown UIInterfaceOrientationLandscapeLeft UIInterfaceOrientationLandscapeRight";
				INFOPLIST_KEY_UISupportedInterfaceOrientations_iPhone = "UIInterfaceOrientationPortrait UIInterfaceOrientationLandscapeLeft UIInterfaceOrientationLandscapeRight";
				IPHONEOS_DEPLOYMENT_TARGET = 17.0;
				LD_RUNPATH_SEARCH_PATHS = (
					"$(inherited)",
					"@executable_path/Frameworks",
				);
				MARKETING_VERSION = 1.0;
				PRODUCT_BUNDLE_IDENTIFIER = com.celestial.AIChatBot;
				PRODUCT_NAME = "$(TARGET_NAME)";
				SWIFT_EMIT_LOC_STRINGS = YES;
				SWIFT_VERSION = 5.0;
				TARGETED_DEVICE_FAMILY = "1,2";
			};
			name = Release;
		};
/* End XCBuildConfiguration section */

/* Begin XCConfigurationList section */
		52352D0C2BB09D15009E9F93 /* Build configuration list for PBXProject "AIChatBot" */ = {
			isa = XCConfigurationList;
			buildConfigurations = (
				52352D222BB09D18009E9F93 /* Debug */,
				52352D232BB09D18009E9F93 /* Release */,
			);
			defaultConfigurationIsVisible = 0;
			defaultConfigurationName = Release;
		};
		52352D242BB09D18009E9F93 /* Build configuration list for PBXNativeTarget "AIChatBot" */ = {
			isa = XCConfigurationList;
			buildConfigurations = (
				52352D252BB09D18009E9F93 /* Debug */,
				52352D262BB09D18009E9F93 /* Release */,
			);
			defaultConfigurationIsVisible = 0;
			defaultConfigurationName = Release;
		};
/* End XCConfigurationList section */

/* Begin XCVersionGroup section */
		52352D1F2BB09D18009E9F93 /* AIChatBot.xcdatamodeld */ = {
			isa = XCVersionGroup;
			children = (
				52352D202BB09D18009E9F93 /* AIChatBot.xcdatamodel */,
			);
			currentVersion = 52352D202BB09D18009E9F93 /* AIChatBot.xcdatamodel */;
			path = AIChatBot.xcdatamodeld;
			sourceTree = "<group>";
			versionGroupType = wrapper.xcdatamodel;
		};
/* End XCVersionGroup section */
	};
	rootObject = 52352D092BB09D15009E9F93 /* Project object */;
}
